
Microsoft Visual Studio Solution File, Format Version 12.00
# Visual Studio 2013
VisualStudioVersion = 12.0.31101.0
MinimumVisualStudioVersion = 10.0.40219.1
Project("{FAE04EC0-301F-11D3-BF4B-00C04F79EFBC}") = "ExtractVideo", "ExtractVideo\ExtractVideo.csproj", "{04F671F8-1887-4D94-8596-C50D6FE33F6A}"
EndProject
Global
	GlobalSection(SolutionConfigurationPlatforms) = preSolution
		Debug|Any CPU = Debug|Any CPU
		Release|Any CPU = Release|Any CPU
	EndGlobalSection
	GlobalSection(ProjectConfigurationPlatforms) = postSolution
		{04F671F8-1887-4D94-8596-C50D6FE33F6A}.Debug|Any CPU.ActiveCfg = Debug|Any CPU
		{04F671F8-1887-4D94-8596-C50D6FE33F6A}.Debug|Any CPU.Build.0 = Debug|Any CPU
		{04F671F8-1887-4D94-8596-C50D6FE33F6A}.Release|Any CPU.ActiveCfg = Release|Any CPU
		{04F671F8-1887-4D94-8596-C50D6FE33F6A}.Release|Any CPU.Build.0 = Release|Any CPU
	EndGlobalSection
	GlobalSection(SolutionProperties) = preSolution
		HideSolutionNode = FALSE
	EndGlobalSection
EndGlobal
